# This file is autogenerated, do not edit; changes may be undone by the next 'dep ensure'.


[[projects]]
  name = "github.com/aws/aws-lambda-go"
  packages = [
    "events",
    "lambda",
    "lambda/messages",
    "lambdacontext"
  ]
  revision = "2d482ef09017ae953b1e8d5a6ddac5b696663a3c"
  version = "v1.6.0"

[[projects]]
  branch = "master"
  name = "github.com/battlesnakeio/starter-snake-go"
  packages = ["api"]
  revision = "fb74473661a3a15dc7d2c9ec8411cfbcd316e74c"

[solve-meta]
  analyzer-name = "dep"
  analyzer-version = 1
  inputs-digest = "64fb8ceec7550dbf4c0f3c70803391260b4441de349f7035ca8640c432ddf555"
  solver-name = "gps-cdcl"
  solver-version = 1
